
Microsoft Visual Studio Solution File, Format Version 12.00
# Visual Studio Version 17
VisualStudioVersion = 17.14.36518.9 d17.14
MinimumVisualStudioVersion = 10.0.40219.1
Project("{8BC9CEB8-8B4A-11D0-8D11-00A0C91BC942}") = "osztók", "osztók\osztók.vcxproj", "{D14DB057-9B77-4F71-BC6C-9C50551035A5}"
EndProject
Global
	GlobalSection(SolutionConfigurationPlatforms) = preSolution
		Debug|x64 = Debug|x64
		Debug|x86 = Debug|x86
		Release|x64 = Release|x64
		Release|x86 = Release|x86
	EndGlobalSection
	GlobalSection(ProjectConfigurationPlatforms) = postSolution
		{D14DB057-9B77-4F71-BC6C-9C50551035A5}.Debug|x64.ActiveCfg = Debug|x64
		{D14DB057-9B77-4F71-BC6C-9C50551035A5}.Debug|x64.Build.0 = Debug|x64
		{D14DB057-9B77-4F71-BC6C-9C50551035A5}.Debug|x86.ActiveCfg = Debug|Win32
		{D14DB057-9B77-4F71-BC6C-9C50551035A5}.Debug|x86.Build.0 = Debug|Win32
		{D14DB057-9B77-4F71-BC6C-9C50551035A5}.Release|x64.ActiveCfg = Release|x64
		{D14DB057-9B77-4F71-BC6C-9C50551035A5}.Release|x64.Build.0 = Release|x64
		{D14DB057-9B77-4F71-BC6C-9C50551035A5}.Release|x86.ActiveCfg = Release|Win32
		{D14DB057-9B77-4F71-BC6C-9C50551035A5}.Release|x86.Build.0 = Release|Win32
	EndGlobalSection
	GlobalSection(SolutionProperties) = preSolution
		HideSolutionNode = FALSE
	EndGlobalSection
	GlobalSection(ExtensibilityGlobals) = postSolution
		SolutionGuid = {5DC4402C-02AC-4DC3-AC81-2C98165A19E5}
	EndGlobalSection
EndGlobal
